uuid: 7bf9bfdb-2a92-4edb-9bc5-59b7356cd74b
langcode: nb
status: true
dependencies:
  module:
    - camp_utils
    - system
  theme:
    - drupalcamp_theme
_core:
  default_config_hash: VZgl9tEGO3G1S345PD2TRBtPRskJ3hGIv_AR49PHLHI
id: contact_block
theme: drupalcamp_theme
region: footer
weight: -7
provider: null
plugin: contact_block
settings:
  id: contact_block
  label: contact_block
  provider: camp_utils
  label_display: '0'
  google_url: 'https://www.google.no/maps/place/Mesh/@59.9131494,10.7363955,19.01z/data=!4m5!3m4!1s0x0:0x2363c32e960440a0!8m2!3d59.913142!4d10.736358'
  email: styret@drupalnorge.no
  phone: '+47 971 63 043'
  twitter: 'https://twitter.com/drupal_norge'
  facebook: 'https://www.facebook.com/drupalnorge'
  place: Oslo
  bg_image: /bg-img-contact.jpg
visibility:
  request_path:
    id: request_path
    pages: '<front>'
    negate: false
    context_mapping: {  }
